// !$*UTF8*$!
{
	archiveVersion = 1;
	classes = {
	};
	objectVersion = 46;
	objects = {

/* Begin PBXBuildFile section */
		161169331A13685700740F95 /* main.m in Sources */ = {isa = PBXBuildFile; fileRef = 161169321A13685700740F95 /* main.m */; };
		161169361A13685700740F95 /* AppDelegate.m in Sources */ = {isa = PBXBuildFile; fileRef = 161169351A13685700740F95 /* AppDelegate.m */; };
		161169391A13685700740F95 /* ViewController.m in Sources */ = {isa = PBXBuildFile; fileRef = 161169381A13685700740F95 /* ViewController.m */; };
		1611693C1A13685700740F95 /* Main.storyboard in Resources */ = {isa = PBXBuildFile; fileRef = 1611693A1A13685700740F95 /* Main.storyboard */; };
		1611693E1A13685700740F95 /* Images.xcassets in Resources */ = {isa = PBXBuildFile; fileRef = 1611693D1A13685700740F95 /* Images.xcassets */; };
		161169411A13685700740F95 /* LaunchScreen.xib in Resources */ = {isa = PBXBuildFile; fileRef = 1611693F1A13685700740F95 /* LaunchScreen.xib */; };
		1611694D1A13685700740F95 /* MessageBoardTests.m in Sources */ = {isa = PBXBuildFile; fileRef = 1611694C1A13685700740F95 /* MessageBoardTests.m */; };
		16558F0B1A14557200B2F59A /* NSString+MBUtility.m in Sources */ = {isa = PBXBuildFile; fileRef = 16558F0A1A14557200B2F59A /* NSString+MBUtility.m */; };
		16558F0E1A14581400B2F59A /* MBBasePresenter.m in Sources */ = {isa = PBXBuildFile; fileRef = 16558F0D1A14581400B2F59A /* MBBasePresenter.m */; };
		16558F111A14592600B2F59A /* MBBaseViewController.m in Sources */ = {isa = PBXBuildFile; fileRef = 16558F101A14592600B2F59A /* MBBaseViewController.m */; };
		16558F141A145B6E00B2F59A /* UIStoryboard+MessageBoard.m in Sources */ = {isa = PBXBuildFile; fileRef = 16558F131A145B6E00B2F59A /* UIStoryboard+MessageBoard.m */; };
		16558F171A145BEF00B2F59A /* UIViewController+MBWireframe.m in Sources */ = {isa = PBXBuildFile; fileRef = 16558F161A145BEF00B2F59A /* UIViewController+MBWireframe.m */; };
		16558F1A1A145C3100B2F59A /* MBPageMessenger.m in Sources */ = {isa = PBXBuildFile; fileRef = 16558F191A145C3100B2F59A /* MBPageMessenger.m */; };
		16558F1D1A145CAD00B2F59A /* MBWireframe.m in Sources */ = {isa = PBXBuildFile; fileRef = 16558F1C1A145CAD00B2F59A /* MBWireframe.m */; };
		16558F201A145D6900B2F59A /* MBAssemblingFactory.m in Sources */ = {isa = PBXBuildFile; fileRef = 16558F1F1A145D6900B2F59A /* MBAssemblingFactory.m */; };
		16558F241A1463C200B2F59A /* MBApiRequest.m in Sources */ = {isa = PBXBuildFile; fileRef = 16558F231A1463C200B2F59A /* MBApiRequest.m */; };
		16558F271A14646D00B2F59A /* MBApiResponse.m in Sources */ = {isa = PBXBuildFile; fileRef = 16558F261A14646D00B2F59A /* MBApiResponse.m */; };
/* End PBXBuildFile section */

/* Begin PBXContainerItemProxy section */
		161169471A13685700740F95 /* PBXContainerItemProxy */ = {
			isa = PBXContainerItemProxy;
			containerPortal = 161169251A13685700740F95 /* Project object */;
			proxyType = 1;
			remoteGlobalIDString = 1611692C1A13685700740F95;
			remoteInfo = MessageBoard;
		};
/* End PBXContainerItemProxy section */

/* Begin PBXFileReference section */
		1611692D1A13685700740F95 /* MessageBoard.app */ = {isa = PBXFileReference; explicitFileType = wrapper.application; includeInIndex = 0; path = MessageBoard.app; sourceTree = BUILT_PRODUCTS_DIR; };
		161169311A13685700740F95 /* Info.plist */ = {isa = PBXFileReference; lastKnownFileType = text.plist.xml; path = Info.plist; sourceTree = "<group>"; };
		161169321A13685700740F95 /* main.m */ = {isa = PBXFileReference; lastKnownFileType = sourcecode.c.objc; path = main.m; sourceTree = "<group>"; };
		161169341A13685700740F95 /* AppDelegate.h */ = {isa = PBXFileReference; lastKnownFileType = sourcecode.c.h; path = AppDelegate.h; sourceTree = "<group>"; };
		161169351A13685700740F95 /* AppDelegate.m */ = {isa = PBXFileReference; lastKnownFileType = sourcecode.c.objc; path = AppDelegate.m; sourceTree = "<group>"; };
		161169371A13685700740F95 /* ViewController.h */ = {isa = PBXFileReference; lastKnownFileType = sourcecode.c.h; path = ViewController.h; sourceTree = "<group>"; };
		161169381A13685700740F95 /* ViewController.m */ = {isa = PBXFileReference; lastKnownFileType = sourcecode.c.objc; path = ViewController.m; sourceTree = "<group>"; };
		1611693B1A13685700740F95 /* Base */ = {isa = PBXFileReference; lastKnownFileType = file.storyboard; name = Base; path = Base.lproj/Main.storyboard; sourceTree = "<group>"; };
		1611693D1A13685700740F95 /* Images.xcassets */ = {isa = PBXFileReference; lastKnownFileType = folder.assetcatalog; path = Images.xcassets; sourceTree = "<group>"; };
		161169401A13685700740F95 /* Base */ = {isa = PBXFileReference; lastKnownFileType = file.xib; name = Base; path = Base.lproj/LaunchScreen.xib; sourceTree = "<group>"; };
		161169461A13685700740F95 /* MessageBoardTests.xctest */ = {isa = PBXFileReference; explicitFileType = wrapper.cfbundle; includeInIndex = 0; path = MessageBoardTests.xctest; sourceTree = BUILT_PRODUCTS_DIR; };
		1611694B1A13685700740F95 /* Info.plist */ = {isa = PBXFileReference; lastKnownFileType = text.plist.xml; path = Info.plist; sourceTree = "<group>"; };
		1611694C1A13685700740F95 /* MessageBoardTests.m */ = {isa = PBXFileReference; lastKnownFileType = sourcecode.c.objc; path = MessageBoardTests.m; sourceTree = "<group>"; };
		16558F091A14557200B2F59A /* NSString+MBUtility.h */ = {isa = PBXFileReference; fileEncoding = 4; lastKnownFileType = sourcecode.c.h; name = "NSString+MBUtility.h"; path = "Classes/Tools/NSString+MBUtility.h"; sourceTree = "<group>"; };
		16558F0A1A14557200B2F59A /* NSString+MBUtility.m */ = {isa = PBXFileReference; fileEncoding = 4; lastKnownFileType = sourcecode.c.objc; name = "NSString+MBUtility.m"; path = "Classes/Tools/NSString+MBUtility.m"; sourceTree = "<group>"; };
		16558F0C1A14581400B2F59A /* MBBasePresenter.h */ = {isa = PBXFileReference; fileEncoding = 4; lastKnownFileType = sourcecode.c.h; name = MBBasePresenter.h; path = Classes/Presenters/MBBasePresenter.h; sourceTree = "<group>"; };
		16558F0D1A14581400B2F59A /* MBBasePresenter.m */ = {isa = PBXFileReference; fileEncoding = 4; lastKnownFileType = sourcecode.c.objc; name = MBBasePresenter.m; path = Classes/Presenters/MBBasePresenter.m; sourceTree = "<group>"; };
		16558F0F1A14592600B2F59A /* MBBaseViewController.h */ = {isa = PBXFileReference; fileEncoding = 4; lastKnownFileType = sourcecode.c.h; name = MBBaseViewController.h; path = Classes/Views/MBBaseViewController.h; sourceTree = "<group>"; };
		16558F101A14592600B2F59A /* MBBaseViewController.m */ = {isa = PBXFileReference; fileEncoding = 4; lastKnownFileType = sourcecode.c.objc; name = MBBaseViewController.m; path = Classes/Views/MBBaseViewController.m; sourceTree = "<group>"; };
		16558F121A145B6E00B2F59A /* UIStoryboard+MessageBoard.h */ = {isa = PBXFileReference; fileEncoding = 4; lastKnownFileType = sourcecode.c.h; name = "UIStoryboard+MessageBoard.h"; path = "Classes/Routing/UIStoryboard+MessageBoard.h"; sourceTree = "<group>"; };
		16558F131A145B6E00B2F59A /* UIStoryboard+MessageBoard.m */ = {isa = PBXFileReference; fileEncoding = 4; lastKnownFileType = sourcecode.c.objc; name = "UIStoryboard+MessageBoard.m"; path = "Classes/Routing/UIStoryboard+MessageBoard.m"; sourceTree = "<group>"; };
		16558F151A145BEF00B2F59A /* UIViewController+MBWireframe.h */ = {isa = PBXFileReference; fileEncoding = 4; lastKnownFileType = sourcecode.c.h; name = "UIViewController+MBWireframe.h"; path = "Classes/Routing/UIViewController+MBWireframe.h"; sourceTree = "<group>"; };
		16558F161A145BEF00B2F59A /* UIViewController+MBWireframe.m */ = {isa = PBXFileReference; fileEncoding = 4; lastKnownFileType = sourcecode.c.objc; name = "UIViewController+MBWireframe.m"; path = "Classes/Routing/UIViewController+MBWireframe.m"; sourceTree = "<group>"; };
		16558F181A145C3100B2F59A /* MBPageMessenger.h */ = {isa = PBXFileReference; fileEncoding = 4; lastKnownFileType = sourcecode.c.h; name = MBPageMessenger.h; path = Classes/Routing/MBPageMessenger.h; sourceTree = "<group>"; };
		16558F191A145C3100B2F59A /* MBPageMessenger.m */ = {isa = PBXFileReference; fileEncoding = 4; lastKnownFileType = sourcecode.c.objc; name = MBPageMessenger.m; path = Classes/Routing/MBPageMessenger.m; sourceTree = "<group>"; };
		16558F1B1A145CAD00B2F59A /* MBWireframe.h */ = {isa = PBXFileReference; fileEncoding = 4; lastKnownFileType = sourcecode.c.h; name = MBWireframe.h; path = Classes/Routing/MBWireframe.h; sourceTree = "<group>"; };
		16558F1C1A145CAD00B2F59A /* MBWireframe.m */ = {isa = PBXFileReference; fileEncoding = 4; lastKnownFileType = sourcecode.c.objc; name = MBWireframe.m; path = Classes/Routing/MBWireframe.m; sourceTree = "<group>"; };
		16558F1E1A145D6900B2F59A /* MBAssemblingFactory.h */ = {isa = PBXFileReference; fileEncoding = 4; lastKnownFileType = sourcecode.c.h; name = MBAssemblingFactory.h; path = Classes/Routing/MBAssemblingFactory.h; sourceTree = "<group>"; };
		16558F1F1A145D6900B2F59A /* MBAssemblingFactory.m */ = {isa = PBXFileReference; fileEncoding = 4; lastKnownFileType = sourcecode.c.objc; name = MBAssemblingFactory.m; path = Classes/Routing/MBAssemblingFactory.m; sourceTree = "<group>"; };
		16558F221A1463C200B2F59A /* MBApiRequest.h */ = {isa = PBXFileReference; fileEncoding = 4; lastKnownFileType = sourcecode.c.h; name = MBApiRequest.h; path = Classes/APIService/MBApiRequest.h; sourceTree = "<group>"; };
		16558F231A1463C200B2F59A /* MBApiRequest.m */ = {isa = PBXFileReference; fileEncoding = 4; lastKnownFileType = sourcecode.c.objc; name = MBApiRequest.m; path = Classes/APIService/MBApiRequest.m; sourceTree = "<group>"; };
		16558F251A14646D00B2F59A /* MBApiResponse.h */ = {isa = PBXFileReference; fileEncoding = 4; lastKnownFileType = sourcecode.c.h; name = MBApiResponse.h; path = Classes/APIService/MBApiResponse.h; sourceTree = "<group>"; };
		16558F261A14646D00B2F59A /* MBApiResponse.m */ = {isa = PBXFileReference; fileEncoding = 4; lastKnownFileType = sourcecode.c.objc; name = MBApiResponse.m; path = Classes/APIService/MBApiResponse.m; sourceTree = "<group>"; };
/* End PBXFileReference section */

/* Begin PBXFrameworksBuildPhase section */
		1611692A1A13685700740F95 /* Frameworks */ = {
			isa = PBXFrameworksBuildPhase;
			buildActionMask = 2147483647;
			files = (
			);
			runOnlyForDeploymentPostprocessing = 0;
		};
		161169431A13685700740F95 /* Frameworks */ = {
			isa = PBXFrameworksBuildPhase;
			buildActionMask = 2147483647;
			files = (
			);
			runOnlyForDeploymentPostprocessing = 0;
		};
/* End PBXFrameworksBuildPhase section */

/* Begin PBXGroup section */
		161169241A13685700740F95 = {
			isa = PBXGroup;
			children = (
				1611692F1A13685700740F95 /* MessageBoard */,
				161169491A13685700740F95 /* MessageBoardTests */,
				1611692E1A13685700740F95 /* Products */,
			);
			sourceTree = "<group>";
		};
		1611692E1A13685700740F95 /* Products */ = {
			isa = PBXGroup;
			children = (
				1611692D1A13685700740F95 /* MessageBoard.app */,
				161169461A13685700740F95 /* MessageBoardTests.xctest */,
			);
			name = Products;
			sourceTree = "<group>";
		};
		1611692F1A13685700740F95 /* MessageBoard */ = {
			isa = PBXGroup;
			children = (
				1611695D1A136D4C00740F95 /* Classes */,
				1611695E1A136DD400740F95 /* Resources */,
				161169301A13685700740F95 /* Supporting Files */,
			);
			path = MessageBoard;
			sourceTree = "<group>";
		};
		161169301A13685700740F95 /* Supporting Files */ = {
			isa = PBXGroup;
			children = (
				161169311A13685700740F95 /* Info.plist */,
				161169321A13685700740F95 /* main.m */,
			);
			name = "Supporting Files";
			sourceTree = "<group>";
		};
		161169491A13685700740F95 /* MessageBoardTests */ = {
			isa = PBXGroup;
			children = (
				1611694C1A13685700740F95 /* MessageBoardTests.m */,
				1611694A1A13685700740F95 /* Supporting Files */,
			);
			path = MessageBoardTests;
			sourceTree = "<group>";
		};
		1611694A1A13685700740F95 /* Supporting Files */ = {
			isa = PBXGroup;
			children = (
				1611694B1A13685700740F95 /* Info.plist */,
			);
			name = "Supporting Files";
			sourceTree = "<group>";
		};
		161169561A136D0C00740F95 /* Tools */ = {
			isa = PBXGroup;
			children = (
				16558F081A14554200B2F59A /* Utilities */,
			);
			name = Tools;
			sourceTree = "<group>";
		};
		161169571A136D1D00740F95 /* DTOs */ = {
			isa = PBXGroup;
			children = (
			);
			name = DTOs;
			sourceTree = "<group>";
		};
		161169581A136D2600740F95 /* Interactors */ = {
			isa = PBXGroup;
			children = (
			);
			name = Interactors;
			sourceTree = "<group>";
		};
		161169591A136D2D00740F95 /* Presenters */ = {
			isa = PBXGroup;
			children = (
				16558F061A14549800B2F59A /* Base */,
			);
			name = Presenters;
			sourceTree = "<group>";
		};
		1611695A1A136D3200740F95 /* View Interfaces */ = {
			isa = PBXGroup;
			children = (
			);
			name = "View Interfaces";
			sourceTree = "<group>";
		};
		1611695B1A136D3800740F95 /* Views */ = {
			isa = PBXGroup;
			children = (
				16558F071A14549D00B2F59A /* Base */,
				161169371A13685700740F95 /* ViewController.h */,
				161169381A13685700740F95 /* ViewController.m */,
			);
			name = Views;
			sourceTree = "<group>";
		};
		1611695C1A136D3E00740F95 /* Routing */ = {
			isa = PBXGroup;
			children = (
				16558F1B1A145CAD00B2F59A /* MBWireframe.h */,
				16558F1C1A145CAD00B2F59A /* MBWireframe.m */,
				16558F181A145C3100B2F59A /* MBPageMessenger.h */,
				16558F191A145C3100B2F59A /* MBPageMessenger.m */,
				16558F1E1A145D6900B2F59A /* MBAssemblingFactory.h */,
				16558F1F1A145D6900B2F59A /* MBAssemblingFactory.m */,
				16558F121A145B6E00B2F59A /* UIStoryboard+MessageBoard.h */,
				16558F131A145B6E00B2F59A /* UIStoryboard+MessageBoard.m */,
				16558F151A145BEF00B2F59A /* UIViewController+MBWireframe.h */,
				16558F161A145BEF00B2F59A /* UIViewController+MBWireframe.m */,
			);
			name = Routing;
			sourceTree = "<group>";
		};
		1611695D1A136D4C00740F95 /* Classes */ = {
			isa = PBXGroup;
			children = (
				1611695C1A136D3E00740F95 /* Routing */,
				1611695B1A136D3800740F95 /* Views */,
				1611695A1A136D3200740F95 /* View Interfaces */,
				161169591A136D2D00740F95 /* Presenters */,
				161169581A136D2600740F95 /* Interactors */,
				161169571A136D1D00740F95 /* DTOs */,
				16558F211A14637B00B2F59A /* API Service */,
				161169561A136D0C00740F95 /* Tools */,
				161169341A13685700740F95 /* AppDelegate.h */,
				161169351A13685700740F95 /* AppDelegate.m */,
			);
			name = Classes;
			sourceTree = "<group>";
		};
		1611695E1A136DD400740F95 /* Resources */ = {
			isa = PBXGroup;
			children = (
				1611695F1A136DDA00740F95 /* Storyboards */,
				1611693D1A13685700740F95 /* Images.xcassets */,
				1611693F1A13685700740F95 /* LaunchScreen.xib */,
			);
			name = Resources;
			sourceTree = "<group>";
		};
		1611695F1A136DDA00740F95 /* Storyboards */ = {
			isa = PBXGroup;
			children = (
				1611693A1A13685700740F95 /* Main.storyboard */,
			);
			name = Storyboards;
			sourceTree = "<group>";
		};
		16558F061A14549800B2F59A /* Base */ = {
			isa = PBXGroup;
			children = (
				16558F0C1A14581400B2F59A /* MBBasePresenter.h */,
				16558F0D1A14581400B2F59A /* MBBasePresenter.m */,
			);
			name = Base;
			sourceTree = "<group>";
		};
		16558F071A14549D00B2F59A /* Base */ = {
			isa = PBXGroup;
			children = (
				16558F0F1A14592600B2F59A /* MBBaseViewController.h */,
				16558F101A14592600B2F59A /* MBBaseViewController.m */,
			);
			name = Base;
			sourceTree = "<group>";
		};
		16558F081A14554200B2F59A /* Utilities */ = {
			isa = PBXGroup;
			children = (
				16558F091A14557200B2F59A /* NSString+MBUtility.h */,
				16558F0A1A14557200B2F59A /* NSString+MBUtility.m */,
			);
			name = Utilities;
			sourceTree = "<group>";
		};
		16558F211A14637B00B2F59A /* API Service */ = {
			isa = PBXGroup;
			children = (
				16558F221A1463C200B2F59A /* MBApiRequest.h */,
				16558F231A1463C200B2F59A /* MBApiRequest.m */,
				16558F251A14646D00B2F59A /* MBApiResponse.h */,
				16558F261A14646D00B2F59A /* MBApiResponse.m */,
			);
			name = "API Service";
			sourceTree = "<group>";
		};
/* End PBXGroup section */

/* Begin PBXNativeTarget section */
		1611692C1A13685700740F95 /* MessageBoard */ = {
			isa = PBXNativeTarget;
			buildConfigurationList = 161169501A13685700740F95 /* Build configuration list for PBXNativeTarget "MessageBoard" */;
			buildPhases = (
				161169291A13685700740F95 /* Sources */,
				1611692A1A13685700740F95 /* Frameworks */,
				1611692B1A13685700740F95 /* Resources */,
			);
			buildRules = (
			);
			dependencies = (
			);
			name = MessageBoard;
			productName = MessageBoard;
			productReference = 1611692D1A13685700740F95 /* MessageBoard.app */;
			productType = "com.apple.product-type.application";
		};
		161169451A13685700740F95 /* MessageBoardTests */ = {
			isa = PBXNativeTarget;
			buildConfigurationList = 161169531A13685700740F95 /* Build configuration list for PBXNativeTarget "MessageBoardTests" */;
			buildPhases = (
				161169421A13685700740F95 /* Sources */,
				161169431A13685700740F95 /* Frameworks */,
				161169441A13685700740F95 /* Resources */,
			);
			buildRules = (
			);
			dependencies = (
				161169481A13685700740F95 /* PBXTargetDependency */,
			);
			name = MessageBoardTests;
			productName = MessageBoardTests;
			productReference = 161169461A13685700740F95 /* MessageBoardTests.xctest */;
			productType = "com.apple.product-type.bundle.unit-test";
		};
/* End PBXNativeTarget section */

/* Begin PBXProject section */
		161169251A13685700740F95 /* Project object */ = {
			isa = PBXProject;
			attributes = {
				LastUpgradeCheck = 0600;
				ORGANIZATIONNAME = originate;
				TargetAttributes = {
					1611692C1A13685700740F95 = {
						CreatedOnToolsVersion = 6.0.1;
					};
					161169451A13685700740F95 = {
						CreatedOnToolsVersion = 6.0.1;
						TestTargetID = 1611692C1A13685700740F95;
					};
				};
			};
			buildConfigurationList = 161169281A13685700740F95 /* Build configuration list for PBXProject "MessageBoard" */;
			compatibilityVersion = "Xcode 3.2";
			developmentRegion = English;
			hasScannedForEncodings = 0;
			knownRegions = (
				en,
				Base,
			);
			mainGroup = 161169241A13685700740F95;
			productRefGroup = 1611692E1A13685700740F95 /* Products */;
			projectDirPath = "";
			projectRoot = "";
			targets = (
				1611692C1A13685700740F95 /* MessageBoard */,
				161169451A13685700740F95 /* MessageBoardTests */,
			);
		};
/* End PBXProject section */

/* Begin PBXResourcesBuildPhase section */
		1611692B1A13685700740F95 /* Resources */ = {
			isa = PBXResourcesBuildPhase;
			buildActionMask = 2147483647;
			files = (
				1611693C1A13685700740F95 /* Main.storyboard in Resources */,
				161169411A13685700740F95 /* LaunchScreen.xib in Resources */,
				1611693E1A13685700740F95 /* Images.xcassets in Resources */,
			);
			runOnlyForDeploymentPostprocessing = 0;
		};
		161169441A13685700740F95 /* Resources */ = {
			isa = PBXResourcesBuildPhase;
			buildActionMask = 2147483647;
			files = (
			);
			runOnlyForDeploymentPostprocessing = 0;
		};
/* End PBXResourcesBuildPhase section */

/* Begin PBXSourcesBuildPhase section */
		161169291A13685700740F95 /* Sources */ = {
			isa = PBXSourcesBuildPhase;
			buildActionMask = 2147483647;
			files = (
				16558F141A145B6E00B2F59A /* UIStoryboard+MessageBoard.m in Sources */,
				16558F271A14646D00B2F59A /* MBApiResponse.m in Sources */,
				16558F111A14592600B2F59A /* MBBaseViewController.m in Sources */,
				16558F171A145BEF00B2F59A /* UIViewController+MBWireframe.m in Sources */,
				161169391A13685700740F95 /* ViewController.m in Sources */,
				16558F0B1A14557200B2F59A /* NSString+MBUtility.m in Sources */,
				161169361A13685700740F95 /* AppDelegate.m in Sources */,
				161169331A13685700740F95 /* main.m in Sources */,
				16558F0E1A14581400B2F59A /* MBBasePresenter.m in Sources */,
				16558F1A1A145C3100B2F59A /* MBPageMessenger.m in Sources */,
				16558F201A145D6900B2F59A /* MBAssemblingFactory.m in Sources */,
				16558F1D1A145CAD00B2F59A /* MBWireframe.m in Sources */,
				16558F241A1463C200B2F59A /* MBApiRequest.m in Sources */,
			);
			runOnlyForDeploymentPostprocessing = 0;
		};
		161169421A13685700740F95 /* Sources */ = {
			isa = PBXSourcesBuildPhase;
			buildActionMask = 2147483647;
			files = (
				1611694D1A13685700740F95 /* MessageBoardTests.m in Sources */,
			);
			runOnlyForDeploymentPostprocessing = 0;
		};
/* End PBXSourcesBuildPhase section */

/* Begin PBXTargetDependency section */
		161169481A13685700740F95 /* PBXTargetDependency */ = {
			isa = PBXTargetDependency;
			target = 1611692C1A13685700740F95 /* MessageBoard */;
			targetProxy = 161169471A13685700740F95 /* PBXContainerItemProxy */;
		};
/* End PBXTargetDependency section */

/* Begin PBXVariantGroup section */
		1611693A1A13685700740F95 /* Main.storyboard */ = {
			isa = PBXVariantGroup;
			children = (
				1611693B1A13685700740F95 /* Base */,
			);
			name = Main.storyboard;
			sourceTree = "<group>";
		};
		1611693F1A13685700740F95 /* LaunchScreen.xib */ = {
			isa = PBXVariantGroup;
			children = (
				161169401A13685700740F95 /* Base */,
			);
			name = LaunchScreen.xib;
			sourceTree = "<group>";
		};
/* End PBXVariantGroup section */

/* Begin XCBuildConfiguration section */
		1611694E1A13685700740F95 /* Debug */ = {
			isa = XCBuildConfiguration;
			buildSettings = {
				ALWAYS_SEARCH_USER_PATHS = NO;
				CLANG_CXX_LANGUAGE_STANDARD = "gnu++0x";
				CLANG_CXX_LIBRARY = "libc++";
				CLANG_ENABLE_MODULES = YES;
				CLANG_ENABLE_OBJC_ARC = YES;
				CLANG_WARN_BOOL_CONVERSION = YES;
				CLANG_WARN_CONSTANT_CONVERSION = YES;
				CLANG_WARN_DIRECT_OBJC_ISA_USAGE = YES_ERROR;
				CLANG_WARN_EMPTY_BODY = YES;
				CLANG_WARN_ENUM_CONVERSION = YES;
				CLANG_WARN_INT_CONVERSION = YES;
				CLANG_WARN_OBJC_ROOT_CLASS = YES_ERROR;
				CLANG_WARN_UNREACHABLE_CODE = YES;
				CLANG_WARN__DUPLICATE_METHOD_MATCH = YES;
				"CODE_SIGN_IDENTITY[sdk=iphoneos*]" = "iPhone Developer";
				COPY_PHASE_STRIP = NO;
				ENABLE_STRICT_OBJC_MSGSEND = YES;
				GCC_C_LANGUAGE_STANDARD = gnu99;
				GCC_DYNAMIC_NO_PIC = NO;
				GCC_OPTIMIZATION_LEVEL = 0;
				GCC_PREPROCESSOR_DEFINITIONS = (
					"DEBUG=1",
					"$(inherited)",
				);
				GCC_SYMBOLS_PRIVATE_EXTERN = NO;
				GCC_WARN_64_TO_32_BIT_CONVERSION = YES;
				GCC_WARN_ABOUT_RETURN_TYPE = YES_ERROR;
				GCC_WARN_UNDECLARED_SELECTOR = YES;
				GCC_WARN_UNINITIALIZED_AUTOS = YES_AGGRESSIVE;
				GCC_WARN_UNUSED_FUNCTION = YES;
				GCC_WARN_UNUSED_VARIABLE = YES;
				IPHONEOS_DEPLOYMENT_TARGET = 7.1;
				MTL_ENABLE_DEBUG_INFO = YES;
				ONLY_ACTIVE_ARCH = YES;
				SDKROOT = iphoneos;
			};
			name = Debug;
		};
		1611694F1A13685700740F95 /* Release */ = {
			isa = XCBuildConfiguration;
			buildSettings = {
				ALWAYS_SEARCH_USER_PATHS = NO;
				CLANG_CXX_LANGUAGE_STANDARD = "gnu++0x";
				CLANG_CXX_LIBRARY = "libc++";
				CLANG_ENABLE_MODULES = YES;
				CLANG_ENABLE_OBJC_ARC = YES;
				CLANG_WARN_BOOL_CONVERSION = YES;
				CLANG_WARN_CONSTANT_CONVERSION = YES;
				CLANG_WARN_DIRECT_OBJC_ISA_USAGE = YES_ERROR;
				CLANG_WARN_EMPTY_BODY = YES;
				CLANG_WARN_ENUM_CONVERSION = YES;
				CLANG_WARN_INT_CONVERSION = YES;
				CLANG_WARN_OBJC_ROOT_CLASS = YES_ERROR;
				CLANG_WARN_UNREACHABLE_CODE = YES;
				CLANG_WARN__DUPLICATE_METHOD_MATCH = YES;
				"CODE_SIGN_IDENTITY[sdk=iphoneos*]" = "iPhone Developer";
				COPY_PHASE_STRIP = YES;
				ENABLE_NS_ASSERTIONS = NO;
				ENABLE_STRICT_OBJC_MSGSEND = YES;
				GCC_C_LANGUAGE_STANDARD = gnu99;
				GCC_WARN_64_TO_32_BIT_CONVERSION = YES;
				GCC_WARN_ABOUT_RETURN_TYPE = YES_ERROR;
				GCC_WARN_UNDECLARED_SELECTOR = YES;
				GCC_WARN_UNINITIALIZED_AUTOS = YES_AGGRESSIVE;
				GCC_WARN_UNUSED_FUNCTION = YES;
				GCC_WARN_UNUSED_VARIABLE = YES;
				IPHONEOS_DEPLOYMENT_TARGET = 7.1;
				MTL_ENABLE_DEBUG_INFO = NO;
				SDKROOT = iphoneos;
				VALIDATE_PRODUCT = YES;
			};
			name = Release;
		};
		161169511A13685700740F95 /* Debug */ = {
			isa = XCBuildConfiguration;
			buildSettings = {
				ASSETCATALOG_COMPILER_APPICON_NAME = AppIcon;
				INFOPLIST_FILE = MessageBoard/Info.plist;
				LD_RUNPATH_SEARCH_PATHS = "$(inherited) @executable_path/Frameworks";
				PRODUCT_NAME = "$(TARGET_NAME)";
			};
			name = Debug;
		};
		161169521A13685700740F95 /* Release */ = {
			isa = XCBuildConfiguration;
			buildSettings = {
				ASSETCATALOG_COMPILER_APPICON_NAME = AppIcon;
				INFOPLIST_FILE = MessageBoard/Info.plist;
				LD_RUNPATH_SEARCH_PATHS = "$(inherited) @executable_path/Frameworks";
				PRODUCT_NAME = "$(TARGET_NAME)";
			};
			name = Release;
		};
		161169541A13685700740F95 /* Debug */ = {
			isa = XCBuildConfiguration;
			buildSettings = {
				BUNDLE_LOADER = "$(TEST_HOST)";
				FRAMEWORK_SEARCH_PATHS = (
					"$(SDKROOT)/Developer/Library/Frameworks",
					"$(inherited)",
				);
				GCC_PREPROCESSOR_DEFINITIONS = (
					"DEBUG=1",
					"$(inherited)",
				);
				INFOPLIST_FILE = MessageBoardTests/Info.plist;
				LD_RUNPATH_SEARCH_PATHS = "$(inherited) @executable_path/Frameworks @loader_path/Frameworks";
				PRODUCT_NAME = "$(TARGET_NAME)";
				TEST_HOST = "$(BUILT_PRODUCTS_DIR)/MessageBoard.app/MessageBoard";
			};
			name = Debug;
		};
		161169551A13685700740F95 /* Release */ = {
			isa = XCBuildConfiguration;
			buildSettings = {
				BUNDLE_LOADER = "$(TEST_HOST)";
				FRAMEWORK_SEARCH_PATHS = (
					"$(SDKROOT)/Developer/Library/Frameworks",
					"$(inherited)",
				);
				INFOPLIST_FILE = MessageBoardTests/Info.plist;
				LD_RUNPATH_SEARCH_PATHS = "$(inherited) @executable_path/Frameworks @loader_path/Frameworks";
				PRODUCT_NAME = "$(TARGET_NAME)";
				TEST_HOST = "$(BUILT_PRODUCTS_DIR)/MessageBoard.app/MessageBoard";
			};
			name = Release;
		};
/* End XCBuildConfiguration section */

/* Begin XCConfigurationList section */
		161169281A13685700740F95 /* Build configuration list for PBXProject "MessageBoard" */ = {
			isa = XCConfigurationList;
			buildConfigurations = (
				1611694E1A13685700740F95 /* Debug */,
				1611694F1A13685700740F95 /* Release */,
			);
			defaultConfigurationIsVisible = 0;
			defaultConfigurationName = Release;
		};
		161169501A13685700740F95 /* Build configuration list for PBXNativeTarget "MessageBoard" */ = {
			isa = XCConfigurationList;
			buildConfigurations = (
				161169511A13685700740F95 /* Debug */,
				161169521A13685700740F95 /* Release */,
			);
			defaultConfigurationIsVisible = 0;
			defaultConfigurationName = Release;
		};
		161169531A13685700740F95 /* Build configuration list for PBXNativeTarget "MessageBoardTests" */ = {
			isa = XCConfigurationList;
			buildConfigurations = (
				161169541A13685700740F95 /* Debug */,
				161169551A13685700740F95 /* Release */,
			);
			defaultConfigurationIsVisible = 0;
			defaultConfigurationName = Release;
		};
/* End XCConfigurationList section */
	};
	rootObject = 161169251A13685700740F95 /* Project object */;
}
